
Microsoft Visual Studio Solution File, Format Version 12.00
# Visual Studio 15
VisualStudioVersion = 15.0.28307.421
MinimumVisualStudioVersion = 10.0.40219.1
Project("{FAE04EC0-301F-11D3-BF4B-00C04F79EFBC}") = "CurrencyConvertor", "CurrencyConvertor\CurrencyConvertor.csproj", "{0247AA6C-98DF-4915-AABC-09D6B9807261}"
EndProject
Project("{FAE04EC0-301F-11D3-BF4B-00C04F79EFBC}") = "UnitTest", "UnitTest\UnitTest.csproj", "{55AE13BF-0213-4010-81D3-1775C4A69EC5}"
EndProject
Global
	GlobalSection(SolutionConfigurationPlatforms) = preSolution
		Debug|Any CPU = Debug|Any CPU
		Release|Any CPU = Release|Any CPU
	EndGlobalSection
	GlobalSection(ProjectConfigurationPlatforms) = postSolution
		{0247AA6C-98DF-4915-AABC-09D6B9807261}.Debug|Any CPU.ActiveCfg = Debug|Any CPU
		{0247AA6C-98DF-4915-AABC-09D6B9807261}.Debug|Any CPU.Build.0 = Debug|Any CPU
		{0247AA6C-98DF-4915-AABC-09D6B9807261}.Release|Any CPU.ActiveCfg = Release|Any CPU
		{0247AA6C-98DF-4915-AABC-09D6B9807261}.Release|Any CPU.Build.0 = Release|Any CPU
		{55AE13BF-0213-4010-81D3-1775C4A69EC5}.Debug|Any CPU.ActiveCfg = Debug|Any CPU
		{55AE13BF-0213-4010-81D3-1775C4A69EC5}.Debug|Any CPU.Build.0 = Debug|Any CPU
		{55AE13BF-0213-4010-81D3-1775C4A69EC5}.Release|Any CPU.ActiveCfg = Release|Any CPU
		{55AE13BF-0213-4010-81D3-1775C4A69EC5}.Release|Any CPU.Build.0 = Release|Any CPU
	EndGlobalSection
	GlobalSection(SolutionProperties) = preSolution
		HideSolutionNode = FALSE
	EndGlobalSection
	GlobalSection(ExtensibilityGlobals) = postSolution
		SolutionGuid = {AB2E17AF-C1F4-42A7-8C48-40D998909DCC}
	EndGlobalSection
EndGlobal
